
Microsoft Visual Studio Solution File, Format Version 12.00
# Visual Studio Version 17
VisualStudioVersion = 17.11.35327.3
MinimumVisualStudioVersion = 10.0.40219.1
Project("{9A19103F-16F7-4668-BE54-9A1E7A4F7556}") = "NorthwindEcommerceAPI", "NorthwindEcommerceAPI\NorthwindEcommerceAPI.csproj", "{76847826-6D6D-4F98-BC25-48F84A99A2E7}"
EndProject
Project("{2150E333-8FDC-42A3-9474-1A3956D46DE8}") = "Solution Items", "Solution Items", "{A2320C8B-14B7-4841-A0A3-57379FAB510E}"
	ProjectSection(SolutionItems) = preProject
		.editorconfig = .editorconfig
	EndProjectSection
EndProject
Global
	GlobalSection(SolutionConfigurationPlatforms) = preSolution
		Debug|Any CPU = Debug|Any CPU
		Release|Any CPU = Release|Any CPU
	EndGlobalSection
	GlobalSection(ProjectConfigurationPlatforms) = postSolution
		{76847826-6D6D-4F98-BC25-48F84A99A2E7}.Debug|Any CPU.ActiveCfg = Debug|Any CPU
		{76847826-6D6D-4F98-BC25-48F84A99A2E7}.Debug|Any CPU.Build.0 = Debug|Any CPU
		{76847826-6D6D-4F98-BC25-48F84A99A2E7}.Release|Any CPU.ActiveCfg = Release|Any CPU
		{76847826-6D6D-4F98-BC25-48F84A99A2E7}.Release|Any CPU.Build.0 = Release|Any CPU
	EndGlobalSection
	GlobalSection(SolutionProperties) = preSolution
		HideSolutionNode = FALSE
	EndGlobalSection
	GlobalSection(ExtensibilityGlobals) = postSolution
		SolutionGuid = {CF20C4CF-9565-4618-8B8C-E0FA388D5F2B}
	EndGlobalSection
EndGlobal
